// !$*UTF8*$!
{
	archiveVersion = 1;
	classes = {
	};
	objectVersion = 46;
	objects = {

/* Begin PBXBuildFile section */
		1406047019354EE1007CA14B /* Foundation.framework in Frameworks */ = {isa = PBXBuildFile; fileRef = 1406046F19354EE1007CA14B /* Foundation.framework */; };
		1406047219354EE1007CA14B /* CoreGraphics.framework in Frameworks */ = {isa = PBXBuildFile; fileRef = 1406047119354EE1007CA14B /* CoreGraphics.framework */; };
		1406047419354EE1007CA14B /* UIKit.framework in Frameworks */ = {isa = PBXBuildFile; fileRef = 1406047319354EE1007CA14B /* UIKit.framework */; };
		1406047A19354EE1007CA14B /* InfoPlist.strings in Resources */ = {isa = PBXBuildFile; fileRef = 1406047819354EE1007CA14B /* InfoPlist.strings */; };
		1406047C19354EE1007CA14B /* main.m in Sources */ = {isa = PBXBuildFile; fileRef = 1406047B19354EE1007CA14B /* main.m */; };
		1406048019354EE1007CA14B /* TFAAppDelegate.m in Sources */ = {isa = PBXBuildFile; fileRef = 1406047F19354EE1007CA14B /* TFAAppDelegate.m */; };
		1406048219354EE1007CA14B /* Images.xcassets in Resources */ = {isa = PBXBuildFile; fileRef = 1406048119354EE1007CA14B /* Images.xcassets */; };
		1406048919354EE1007CA14B /* XCTest.framework in Frameworks */ = {isa = PBXBuildFile; fileRef = 1406048819354EE1007CA14B /* XCTest.framework */; };
		1406048A19354EE1007CA14B /* Foundation.framework in Frameworks */ = {isa = PBXBuildFile; fileRef = 1406046F19354EE1007CA14B /* Foundation.framework */; };
		1406048B19354EE1007CA14B /* UIKit.framework in Frameworks */ = {isa = PBXBuildFile; fileRef = 1406047319354EE1007CA14B /* UIKit.framework */; };
		1406049319354EE1007CA14B /* InfoPlist.strings in Resources */ = {isa = PBXBuildFile; fileRef = 1406049119354EE1007CA14B /* InfoPlist.strings */; };
		1406049519354EE1007CA14B /* FactoryAppTests.m in Sources */ = {isa = PBXBuildFile; fileRef = 1406049419354EE1007CA14B /* FactoryAppTests.m */; };
		1406049F19354F03007CA14B /* Main.storyboard in Resources */ = {isa = PBXBuildFile; fileRef = 1406049E19354F03007CA14B /* Main.storyboard */; };
		14D14CEB19509A9A008953FB /* TFAMemberDatastore.m in Sources */ = {isa = PBXBuildFile; fileRef = 14D14CEA19509A9A008953FB /* TFAMemberDatastore.m */; };
		14D14CEE19509B5A008953FB /* TFAMember.m in Sources */ = {isa = PBXBuildFile; fileRef = 14D14CED19509B5A008953FB /* TFAMember.m */; };
		9382E3E1193E8CE400252278 /* TFADetailViewController.m in Sources */ = {isa = PBXBuildFile; fileRef = 9382E3E0193E8CE400252278 /* TFADetailViewController.m */; };
		93ED6E8D193D383400658164 /* TFAViewController.m in Sources */ = {isa = PBXBuildFile; fileRef = 93ED6E8C193D383400658164 /* TFAViewController.m */; };
/* End PBXBuildFile section */

/* Begin PBXContainerItemProxy section */
		1406048C19354EE1007CA14B /* PBXContainerItemProxy */ = {
			isa = PBXContainerItemProxy;
			containerPortal = 1406046419354EE1007CA14B /* Project object */;
			proxyType = 1;
			remoteGlobalIDString = 1406046B19354EE1007CA14B;
			remoteInfo = FactoryApp;
		};
/* End PBXContainerItemProxy section */

/* Begin PBXFileReference section */
		1406046C19354EE1007CA14B /* FactoryApp.app */ = {isa = PBXFileReference; explicitFileType = wrapper.application; includeInIndex = 0; path = FactoryApp.app; sourceTree = BUILT_PRODUCTS_DIR; };
		1406046F19354EE1007CA14B /* Foundation.framework */ = {isa = PBXFileReference; lastKnownFileType = wrapper.framework; name = Foundation.framework; path = System/Library/Frameworks/Foundation.framework; sourceTree = SDKROOT; };
		1406047119354EE1007CA14B /* CoreGraphics.framework */ = {isa = PBXFileReference; lastKnownFileType = wrapper.framework; name = CoreGraphics.framework; path = System/Library/Frameworks/CoreGraphics.framework; sourceTree = SDKROOT; };
		1406047319354EE1007CA14B /* UIKit.framework */ = {isa = PBXFileReference; lastKnownFileType = wrapper.framework; name = UIKit.framework; path = System/Library/Frameworks/UIKit.framework; sourceTree = SDKROOT; };
		1406047719354EE1007CA14B /* FactoryApp-Info.plist */ = {isa = PBXFileReference; lastKnownFileType = text.plist.xml; path = "FactoryApp-Info.plist"; sourceTree = "<group>"; };
		1406047919354EE1007CA14B /* en */ = {isa = PBXFileReference; lastKnownFileType = text.plist.strings; name = en; path = en.lproj/InfoPlist.strings; sourceTree = "<group>"; };
		1406047B19354EE1007CA14B /* main.m */ = {isa = PBXFileReference; lastKnownFileType = sourcecode.c.objc; path = main.m; sourceTree = "<group>"; };
		1406047D19354EE1007CA14B /* FactoryApp-Prefix.pch */ = {isa = PBXFileReference; lastKnownFileType = sourcecode.c.h; path = "FactoryApp-Prefix.pch"; sourceTree = "<group>"; };
		1406047E19354EE1007CA14B /* TFAAppDelegate.h */ = {isa = PBXFileReference; lastKnownFileType = sourcecode.c.h; path = TFAAppDelegate.h; sourceTree = "<group>"; };
		1406047F19354EE1007CA14B /* TFAAppDelegate.m */ = {isa = PBXFileReference; lastKnownFileType = sourcecode.c.objc; path = TFAAppDelegate.m; sourceTree = "<group>"; };
		1406048119354EE1007CA14B /* Images.xcassets */ = {isa = PBXFileReference; lastKnownFileType = folder.assetcatalog; path = Images.xcassets; sourceTree = "<group>"; };
		1406048719354EE1007CA14B /* FactoryAppTests.xctest */ = {isa = PBXFileReference; explicitFileType = wrapper.cfbundle; includeInIndex = 0; path = FactoryAppTests.xctest; sourceTree = BUILT_PRODUCTS_DIR; };
		1406048819354EE1007CA14B /* XCTest.framework */ = {isa = PBXFileReference; lastKnownFileType = wrapper.framework; name = XCTest.framework; path = Library/Frameworks/XCTest.framework; sourceTree = DEVELOPER_DIR; };
		1406049019354EE1007CA14B /* FactoryAppTests-Info.plist */ = {isa = PBXFileReference; lastKnownFileType = text.plist.xml; path = "FactoryAppTests-Info.plist"; sourceTree = "<group>"; };
		1406049219354EE1007CA14B /* en */ = {isa = PBXFileReference; lastKnownFileType = text.plist.strings; name = en; path = en.lproj/InfoPlist.strings; sourceTree = "<group>"; };
		1406049419354EE1007CA14B /* FactoryAppTests.m */ = {isa = PBXFileReference; lastKnownFileType = sourcecode.c.objc; path = FactoryAppTests.m; sourceTree = "<group>"; };
		1406049E19354F03007CA14B /* Main.storyboard */ = {isa = PBXFileReference; fileEncoding = 4; lastKnownFileType = file.storyboard; path = Main.storyboard; sourceTree = "<group>"; };
		14D14CE919509A9A008953FB /* TFAMemberDatastore.h */ = {isa = PBXFileReference; fileEncoding = 4; lastKnownFileType = sourcecode.c.h; path = TFAMemberDatastore.h; sourceTree = "<group>"; };
		14D14CEA19509A9A008953FB /* TFAMemberDatastore.m */ = {isa = PBXFileReference; fileEncoding = 4; lastKnownFileType = sourcecode.c.objc; path = TFAMemberDatastore.m; sourceTree = "<group>"; };
		14D14CEC19509B5A008953FB /* TFAMember.h */ = {isa = PBXFileReference; fileEncoding = 4; lastKnownFileType = sourcecode.c.h; path = TFAMember.h; sourceTree = "<group>"; };
		14D14CED19509B5A008953FB /* TFAMember.m */ = {isa = PBXFileReference; fileEncoding = 4; lastKnownFileType = sourcecode.c.objc; path = TFAMember.m; sourceTree = "<group>"; };
		9382E3DF193E8CE400252278 /* TFADetailViewController.h */ = {isa = PBXFileReference; fileEncoding = 4; lastKnownFileType = sourcecode.c.h; path = TFADetailViewController.h; sourceTree = "<group>"; };
		9382E3E0193E8CE400252278 /* TFADetailViewController.m */ = {isa = PBXFileReference; fileEncoding = 4; lastKnownFileType = sourcecode.c.objc; path = TFADetailViewController.m; sourceTree = "<group>"; };
		93ED6E8B193D383400658164 /* TFAViewController.h */ = {isa = PBXFileReference; fileEncoding = 4; lastKnownFileType = sourcecode.c.h; path = TFAViewController.h; sourceTree = "<group>"; };
		93ED6E8C193D383400658164 /* TFAViewController.m */ = {isa = PBXFileReference; fileEncoding = 4; lastKnownFileType = sourcecode.c.objc; path = TFAViewController.m; sourceTree = "<group>"; };
/* End PBXFileReference section */

/* Begin PBXFrameworksBuildPhase section */
		1406046919354EE1007CA14B /* Frameworks */ = {
			isa = PBXFrameworksBuildPhase;
			buildActionMask = 2147483647;
			files = (
				1406047219354EE1007CA14B /* CoreGraphics.framework in Frameworks */,
				1406047419354EE1007CA14B /* UIKit.framework in Frameworks */,
				1406047019354EE1007CA14B /* Foundation.framework in Frameworks */,
			);
			runOnlyForDeploymentPostprocessing = 0;
		};
		1406048419354EE1007CA14B /* Frameworks */ = {
			isa = PBXFrameworksBuildPhase;
			buildActionMask = 2147483647;
			files = (
				1406048919354EE1007CA14B /* XCTest.framework in Frameworks */,
				1406048B19354EE1007CA14B /* UIKit.framework in Frameworks */,
				1406048A19354EE1007CA14B /* Foundation.framework in Frameworks */,
			);
			runOnlyForDeploymentPostprocessing = 0;
		};
/* End PBXFrameworksBuildPhase section */

/* Begin PBXGroup section */
		1406046319354EE1007CA14B = {
			isa = PBXGroup;
			children = (
				1406047519354EE1007CA14B /* FactoryApp */,
				1406048E19354EE1007CA14B /* FactoryAppTests */,
				1406046E19354EE1007CA14B /* Frameworks */,
				1406046D19354EE1007CA14B /* Products */,
			);
			sourceTree = "<group>";
		};
		1406046D19354EE1007CA14B /* Products */ = {
			isa = PBXGroup;
			children = (
				1406046C19354EE1007CA14B /* FactoryApp.app */,
				1406048719354EE1007CA14B /* FactoryAppTests.xctest */,
			);
			name = Products;
			sourceTree = "<group>";
		};
		1406046E19354EE1007CA14B /* Frameworks */ = {
			isa = PBXGroup;
			children = (
				1406046F19354EE1007CA14B /* Foundation.framework */,
				1406047119354EE1007CA14B /* CoreGraphics.framework */,
				1406047319354EE1007CA14B /* UIKit.framework */,
				1406048819354EE1007CA14B /* XCTest.framework */,
			);
			name = Frameworks;
			sourceTree = "<group>";
		};
		1406047519354EE1007CA14B /* FactoryApp */ = {
			isa = PBXGroup;
			children = (
				14D14CE819509A59008953FB /* Model */,
				93ED6E8B193D383400658164 /* TFAViewController.h */,
				93ED6E8C193D383400658164 /* TFAViewController.m */,
				9382E3DF193E8CE400252278 /* TFADetailViewController.h */,
				9382E3E0193E8CE400252278 /* TFADetailViewController.m */,
				1406048119354EE1007CA14B /* Images.xcassets */,
				1406047619354EE1007CA14B /* Supporting Files */,
				1406049E19354F03007CA14B /* Main.storyboard */,
			);
			path = FactoryApp;
			sourceTree = "<group>";
		};
		1406047619354EE1007CA14B /* Supporting Files */ = {
			isa = PBXGroup;
			children = (
				1406047719354EE1007CA14B /* FactoryApp-Info.plist */,
				1406047819354EE1007CA14B /* InfoPlist.strings */,
				1406047B19354EE1007CA14B /* main.m */,
				1406047F19354EE1007CA14B /* TFAAppDelegate.m */,
				1406047E19354EE1007CA14B /* TFAAppDelegate.h */,
				1406047D19354EE1007CA14B /* FactoryApp-Prefix.pch */,
			);
			name = "Supporting Files";
			sourceTree = "<group>";
		};
		1406048E19354EE1007CA14B /* FactoryAppTests */ = {
			isa = PBXGroup;
			children = (
				1406049419354EE1007CA14B /* FactoryAppTests.m */,
				1406048F19354EE1007CA14B /* Supporting Files */,
			);
			path = FactoryAppTests;
			sourceTree = "<group>";
		};
		1406048F19354EE1007CA14B /* Supporting Files */ = {
			isa = PBXGroup;
			children = (
				1406049019354EE1007CA14B /* FactoryAppTests-Info.plist */,
				1406049119354EE1007CA14B /* InfoPlist.strings */,
			);
			name = "Supporting Files";
			sourceTree = "<group>";
		};
		14D14CE819509A59008953FB /* Model */ = {
			isa = PBXGroup;
			children = (
				14D14CEC19509B5A008953FB /* TFAMember.h */,
				14D14CED19509B5A008953FB /* TFAMember.m */,
				14D14CE919509A9A008953FB /* TFAMemberDatastore.h */,
				14D14CEA19509A9A008953FB /* TFAMemberDatastore.m */,
			);
			name = Model;
			sourceTree = "<group>";
		};
/* End PBXGroup section */

/* Begin PBXNativeTarget section */
		1406046B19354EE1007CA14B /* FactoryApp */ = {
			isa = PBXNativeTarget;
			buildConfigurationList = 1406049819354EE1007CA14B /* Build configuration list for PBXNativeTarget "FactoryApp" */;
			buildPhases = (
				1406046819354EE1007CA14B /* Sources */,
				1406046919354EE1007CA14B /* Frameworks */,
				1406046A19354EE1007CA14B /* Resources */,
			);
			buildRules = (
			);
			dependencies = (
			);
			name = FactoryApp;
			productName = FactoryApp;
			productReference = 1406046C19354EE1007CA14B /* FactoryApp.app */;
			productType = "com.apple.product-type.application";
		};
		1406048619354EE1007CA14B /* FactoryAppTests */ = {
			isa = PBXNativeTarget;
			buildConfigurationList = 1406049B19354EE1007CA14B /* Build configuration list for PBXNativeTarget "FactoryAppTests" */;
			buildPhases = (
				1406048319354EE1007CA14B /* Sources */,
				1406048419354EE1007CA14B /* Frameworks */,
				1406048519354EE1007CA14B /* Resources */,
			);
			buildRules = (
			);
			dependencies = (
				1406048D19354EE1007CA14B /* PBXTargetDependency */,
			);
			name = FactoryAppTests;
			productName = FactoryAppTests;
			productReference = 1406048719354EE1007CA14B /* FactoryAppTests.xctest */;
			productType = "com.apple.product-type.bundle.unit-test";
		};
/* End PBXNativeTarget section */

/* Begin PBXProject section */
		1406046419354EE1007CA14B /* Project object */ = {
			isa = PBXProject;
			attributes = {
				CLASSPREFIX = TFA;
				LastUpgradeCheck = 0510;
				ORGANIZATIONNAME = "Team FactoryApp";
				TargetAttributes = {
					1406048619354EE1007CA14B = {
						TestTargetID = 1406046B19354EE1007CA14B;
					};
				};
			};
			buildConfigurationList = 1406046719354EE1007CA14B /* Build configuration list for PBXProject "FactoryApp" */;
			compatibilityVersion = "Xcode 3.2";
			developmentRegion = English;
			hasScannedForEncodings = 0;
			knownRegions = (
				en,
			);
			mainGroup = 1406046319354EE1007CA14B;
			productRefGroup = 1406046D19354EE1007CA14B /* Products */;
			projectDirPath = "";
			projectRoot = "";
			targets = (
				1406046B19354EE1007CA14B /* FactoryApp */,
				1406048619354EE1007CA14B /* FactoryAppTests */,
			);
		};
/* End PBXProject section */

/* Begin PBXResourcesBuildPhase section */
		1406046A19354EE1007CA14B /* Resources */ = {
			isa = PBXResourcesBuildPhase;
			buildActionMask = 2147483647;
			files = (
				1406049F19354F03007CA14B /* Main.storyboard in Resources */,
				1406047A19354EE1007CA14B /* InfoPlist.strings in Resources */,
				1406048219354EE1007CA14B /* Images.xcassets in Resources */,
			);
			runOnlyForDeploymentPostprocessing = 0;
		};
		1406048519354EE1007CA14B /* Resources */ = {
			isa = PBXResourcesBuildPhase;
			buildActionMask = 2147483647;
			files = (
				1406049319354EE1007CA14B /* InfoPlist.strings in Resources */,
			);
			runOnlyForDeploymentPostprocessing = 0;
		};
/* End PBXResourcesBuildPhase section */

/* Begin PBXSourcesBuildPhase section */
		1406046819354EE1007CA14B /* Sources */ = {
			isa = PBXSourcesBuildPhase;
			buildActionMask = 2147483647;
			files = (
				14D14CEE19509B5A008953FB /* TFAMember.m in Sources */,
				1406048019354EE1007CA14B /* TFAAppDelegate.m in Sources */,
				9382E3E1193E8CE400252278 /* TFADetailViewController.m in Sources */,
				93ED6E8D193D383400658164 /* TFAViewController.m in Sources */,
				1406047C19354EE1007CA14B /* main.m in Sources */,
				14D14CEB19509A9A008953FB /* TFAMemberDatastore.m in Sources */,
			);
			runOnlyForDeploymentPostprocessing = 0;
		};
		1406048319354EE1007CA14B /* Sources */ = {
			isa = PBXSourcesBuildPhase;
			buildActionMask = 2147483647;
			files = (
				1406049519354EE1007CA14B /* FactoryAppTests.m in Sources */,
			);
			runOnlyForDeploymentPostprocessing = 0;
		};
/* End PBXSourcesBuildPhase section */

/* Begin PBXTargetDependency section */
		1406048D19354EE1007CA14B /* PBXTargetDependency */ = {
			isa = PBXTargetDependency;
			target = 1406046B19354EE1007CA14B /* FactoryApp */;
			targetProxy = 1406048C19354EE1007CA14B /* PBXContainerItemProxy */;
		};
/* End PBXTargetDependency section */

/* Begin PBXVariantGroup section */
		1406047819354EE1007CA14B /* InfoPlist.strings */ = {
			isa = PBXVariantGroup;
			children = (
				1406047919354EE1007CA14B /* en */,
			);
			name = InfoPlist.strings;
			sourceTree = "<group>";
		};
		1406049119354EE1007CA14B /* InfoPlist.strings */ = {
			isa = PBXVariantGroup;
			children = (
				1406049219354EE1007CA14B /* en */,
			);
			name = InfoPlist.strings;
			sourceTree = "<group>";
		};
/* End PBXVariantGroup section */

/* Begin XCBuildConfiguration section */
		1406049619354EE1007CA14B /* Debug */ = {
			isa = XCBuildConfiguration;
			buildSettings = {
				ALWAYS_SEARCH_USER_PATHS = NO;
				CLANG_CXX_LANGUAGE_STANDARD = "gnu++0x";
				CLANG_CXX_LIBRARY = "libc++";
				CLANG_ENABLE_MODULES = YES;
				CLANG_ENABLE_OBJC_ARC = YES;
				CLANG_WARN_BOOL_CONVERSION = YES;
				CLANG_WARN_CONSTANT_CONVERSION = YES;
				CLANG_WARN_DIRECT_OBJC_ISA_USAGE = YES_ERROR;
				CLANG_WARN_EMPTY_BODY = YES;
				CLANG_WARN_ENUM_CONVERSION = YES;
				CLANG_WARN_INT_CONVERSION = YES;
				CLANG_WARN_OBJC_ROOT_CLASS = YES_ERROR;
				CLANG_WARN__DUPLICATE_METHOD_MATCH = YES;
				"CODE_SIGN_IDENTITY[sdk=iphoneos*]" = "iPhone Developer";
				COPY_PHASE_STRIP = NO;
				GCC_C_LANGUAGE_STANDARD = gnu99;
				GCC_DYNAMIC_NO_PIC = NO;
				GCC_OPTIMIZATION_LEVEL = 0;
				GCC_PREPROCESSOR_DEFINITIONS = (
					"DEBUG=1",
					"$(inherited)",
				);
				GCC_SYMBOLS_PRIVATE_EXTERN = NO;
				GCC_WARN_64_TO_32_BIT_CONVERSION = YES;
				GCC_WARN_ABOUT_RETURN_TYPE = YES_ERROR;
				GCC_WARN_UNDECLARED_SELECTOR = YES;
				GCC_WARN_UNINITIALIZED_AUTOS = YES_AGGRESSIVE;
				GCC_WARN_UNUSED_FUNCTION = YES;
				GCC_WARN_UNUSED_VARIABLE = YES;
				IPHONEOS_DEPLOYMENT_TARGET = 7.1;
				ONLY_ACTIVE_ARCH = YES;
				SDKROOT = iphoneos;
				TARGETED_DEVICE_FAMILY = "1,2";
			};
			name = Debug;
		};
		1406049719354EE1007CA14B /* Release */ = {
			isa = XCBuildConfiguration;
			buildSettings = {
				ALWAYS_SEARCH_USER_PATHS = NO;
				CLANG_CXX_LANGUAGE_STANDARD = "gnu++0x";
				CLANG_CXX_LIBRARY = "libc++";
				CLANG_ENABLE_MODULES = YES;
				CLANG_ENABLE_OBJC_ARC = YES;
				CLANG_WARN_BOOL_CONVERSION = YES;
				CLANG_WARN_CONSTANT_CONVERSION = YES;
				CLANG_WARN_DIRECT_OBJC_ISA_USAGE = YES_ERROR;
				CLANG_WARN_EMPTY_BODY = YES;
				CLANG_WARN_ENUM_CONVERSION = YES;
				CLANG_WARN_INT_CONVERSION = YES;
				CLANG_WARN_OBJC_ROOT_CLASS = YES_ERROR;
				CLANG_WARN__DUPLICATE_METHOD_MATCH = YES;
				"CODE_SIGN_IDENTITY[sdk=iphoneos*]" = "iPhone Developer";
				COPY_PHASE_STRIP = YES;
				ENABLE_NS_ASSERTIONS = NO;
				GCC_C_LANGUAGE_STANDARD = gnu99;
				GCC_WARN_64_TO_32_BIT_CONVERSION = YES;
				GCC_WARN_ABOUT_RETURN_TYPE = YES_ERROR;
				GCC_WARN_UNDECLARED_SELECTOR = YES;
				GCC_WARN_UNINITIALIZED_AUTOS = YES_AGGRESSIVE;
				GCC_WARN_UNUSED_FUNCTION = YES;
				GCC_WARN_UNUSED_VARIABLE = YES;
				IPHONEOS_DEPLOYMENT_TARGET = 7.1;
				SDKROOT = iphoneos;
				TARGETED_DEVICE_FAMILY = "1,2";
				VALIDATE_PRODUCT = YES;
			};
			name = Release;
		};
		1406049919354EE1007CA14B /* Debug */ = {
			isa = XCBuildConfiguration;
			buildSettings = {
				ASSETCATALOG_COMPILER_APPICON_NAME = AppIcon;
				ASSETCATALOG_COMPILER_LAUNCHIMAGE_NAME = LaunchImage;
				CODE_SIGN_IDENTITY = "iPhone Developer";
				GCC_PRECOMPILE_PREFIX_HEADER = YES;
				GCC_PREFIX_HEADER = "FactoryApp/FactoryApp-Prefix.pch";
				INFOPLIST_FILE = "FactoryApp/FactoryApp-Info.plist";
				PRODUCT_NAME = "$(TARGET_NAME)";
				WRAPPER_EXTENSION = app;
			};
			name = Debug;
		};
		1406049A19354EE1007CA14B /* Release */ = {
			isa = XCBuildConfiguration;
			buildSettings = {
				ASSETCATALOG_COMPILER_APPICON_NAME = AppIcon;
				ASSETCATALOG_COMPILER_LAUNCHIMAGE_NAME = LaunchImage;
				CODE_SIGN_IDENTITY = "iPhone Developer";
				GCC_PRECOMPILE_PREFIX_HEADER = YES;
				GCC_PREFIX_HEADER = "FactoryApp/FactoryApp-Prefix.pch";
				INFOPLIST_FILE = "FactoryApp/FactoryApp-Info.plist";
				PRODUCT_NAME = "$(TARGET_NAME)";
				WRAPPER_EXTENSION = app;
			};
			name = Release;
		};
		1406049C19354EE1007CA14B /* Debug */ = {
			isa = XCBuildConfiguration;
			buildSettings = {
				BUNDLE_LOADER = "$(BUILT_PRODUCTS_DIR)/FactoryApp.app/FactoryApp";
				FRAMEWORK_SEARCH_PATHS = (
					"$(SDKROOT)/Developer/Library/Frameworks",
					"$(inherited)",
					"$(DEVELOPER_FRAMEWORKS_DIR)",
				);
				GCC_PRECOMPILE_PREFIX_HEADER = YES;
				GCC_PREFIX_HEADER = "FactoryApp/FactoryApp-Prefix.pch";
				GCC_PREPROCESSOR_DEFINITIONS = (
					"DEBUG=1",
					"$(inherited)",
				);
				INFOPLIST_FILE = "FactoryAppTests/FactoryAppTests-Info.plist";
				PRODUCT_NAME = "$(TARGET_NAME)";
				TEST_HOST = "$(BUNDLE_LOADER)";
				WRAPPER_EXTENSION = xctest;
			};
			name = Debug;
		};
		1406049D19354EE1007CA14B /* Release */ = {
			isa = XCBuildConfiguration;
			buildSettings = {
				BUNDLE_LOADER = "$(BUILT_PRODUCTS_DIR)/FactoryApp.app/FactoryApp";
				FRAMEWORK_SEARCH_PATHS = (
					"$(SDKROOT)/Developer/Library/Frameworks",
					"$(inherited)",
					"$(DEVELOPER_FRAMEWORKS_DIR)",
				);
				GCC_PRECOMPILE_PREFIX_HEADER = YES;
				GCC_PREFIX_HEADER = "FactoryApp/FactoryApp-Prefix.pch";
				INFOPLIST_FILE = "FactoryAppTests/FactoryAppTests-Info.plist";
				PRODUCT_NAME = "$(TARGET_NAME)";
				TEST_HOST = "$(BUNDLE_LOADER)";
				WRAPPER_EXTENSION = xctest;
			};
			name = Release;
		};
/* End XCBuildConfiguration section */

/* Begin XCConfigurationList section */
		1406046719354EE1007CA14B /* Build configuration list for PBXProject "FactoryApp" */ = {
			isa = XCConfigurationList;
			buildConfigurations = (
				1406049619354EE1007CA14B /* Debug */,
				1406049719354EE1007CA14B /* Release */,
			);
			defaultConfigurationIsVisible = 0;
			defaultConfigurationName = Release;
		};
		1406049819354EE1007CA14B /* Build configuration list for PBXNativeTarget "FactoryApp" */ = {
			isa = XCConfigurationList;
			buildConfigurations = (
				1406049919354EE1007CA14B /* Debug */,
				1406049A19354EE1007CA14B /* Release */,
			);
			defaultConfigurationIsVisible = 0;
			defaultConfigurationName = Release;
		};
		1406049B19354EE1007CA14B /* Build configuration list for PBXNativeTarget "FactoryAppTests" */ = {
			isa = XCConfigurationList;
			buildConfigurations = (
				1406049C19354EE1007CA14B /* Debug */,
				1406049D19354EE1007CA14B /* Release */,
			);
			defaultConfigurationIsVisible = 0;
			defaultConfigurationName = Release;
		};
/* End XCConfigurationList section */
	};
	rootObject = 1406046419354EE1007CA14B /* Project object */;
}
